
Microsoft Visual Studio Solution File, Format Version 12.00
# Visual Studio Version 17
VisualStudioVersion = 17.12.35707.178
MinimumVisualStudioVersion = 10.0.40219.1
Project("{FAE04EC0-301F-11D3-BF4B-00C04F79EFBC}") = "APG.Server", "APG.Discord\APG.Server.csproj", "{C69CFA40-8A48-474E-91B5-5AE66C1ED1CF}"
EndProject
Project("{FAE04EC0-301F-11D3-BF4B-00C04F79EFBC}") = "APG.Common", "APG.Common\APG.Common.csproj", "{F50D8BD4-6F36-4757-8992-AF7925F5E60F}"
EndProject
Global
	GlobalSection(SolutionConfigurationPlatforms) = preSolution
		Debug|Any CPU = Debug|Any CPU
		Release|Any CPU = Release|Any CPU
	EndGlobalSection
	GlobalSection(ProjectConfigurationPlatforms) = postSolution
		{C69CFA40-8A48-474E-91B5-5AE66C1ED1CF}.Debug|Any CPU.ActiveCfg = Debug|Any CPU
		{C69CFA40-8A48-474E-91B5-5AE66C1ED1CF}.Debug|Any CPU.Build.0 = Debug|Any CPU
		{C69CFA40-8A48-474E-91B5-5AE66C1ED1CF}.Release|Any CPU.ActiveCfg = Release|Any CPU
		{C69CFA40-8A48-474E-91B5-5AE66C1ED1CF}.Release|Any CPU.Build.0 = Release|Any CPU
		{F50D8BD4-6F36-4757-8992-AF7925F5E60F}.Debug|Any CPU.ActiveCfg = Debug|Any CPU
		{F50D8BD4-6F36-4757-8992-AF7925F5E60F}.Debug|Any CPU.Build.0 = Debug|Any CPU
		{F50D8BD4-6F36-4757-8992-AF7925F5E60F}.Release|Any CPU.ActiveCfg = Release|Any CPU
		{F50D8BD4-6F36-4757-8992-AF7925F5E60F}.Release|Any CPU.Build.0 = Release|Any CPU
	EndGlobalSection
	GlobalSection(SolutionProperties) = preSolution
		HideSolutionNode = FALSE
	EndGlobalSection
EndGlobal
